
Microsoft Visual Studio Solution File, Format Version 12.00
# Visual Studio Version 16
VisualStudioVersion = 16.0.31025.194
MinimumVisualStudioVersion = 10.0.40219.1
Project("{FAE04EC0-301F-11D3-BF4B-00C04F79EFBC}") = "ndpödev2soru2", "ndpödev2soru2.csproj", "{C9CF632D-D9AB-421D-99EA-90D3F5E585AD}"
EndProject
Global
	GlobalSection(SolutionConfigurationPlatforms) = preSolution
		Debug|Any CPU = Debug|Any CPU
		Release|Any CPU = Release|Any CPU
	EndGlobalSection
	GlobalSection(ProjectConfigurationPlatforms) = postSolution
		{C9CF632D-D9AB-421D-99EA-90D3F5E585AD}.Debug|Any CPU.ActiveCfg = Debug|Any CPU
		{C9CF632D-D9AB-421D-99EA-90D3F5E585AD}.Debug|Any CPU.Build.0 = Debug|Any CPU
		{C9CF632D-D9AB-421D-99EA-90D3F5E585AD}.Release|Any CPU.ActiveCfg = Release|Any CPU
		{C9CF632D-D9AB-421D-99EA-90D3F5E585AD}.Release|Any CPU.Build.0 = Release|Any CPU
	EndGlobalSection
	GlobalSection(SolutionProperties) = preSolution
		HideSolutionNode = FALSE
	EndGlobalSection
	GlobalSection(ExtensibilityGlobals) = postSolution
		SolutionGuid = {5C14FAB1-2E1F-47D3-8D49-FD6C28F9B5BD}
	EndGlobalSection
EndGlobal
